// !$*UTF8*$!
{
	archiveVersion = 1;
	classes = {
	};
	objectVersion = 50;
	objects = {

/* Begin PBXBuildFile section */
		EAEF013E25832FDF0090508E /* AppDelegate.swift in Sources */ = {isa = PBXBuildFile; fileRef = EAEF013D25832FDF0090508E /* AppDelegate.swift */; };
		EAEF014025832FDF0090508E /* SceneDelegate.swift in Sources */ = {isa = PBXBuildFile; fileRef = EAEF013F25832FDF0090508E /* SceneDelegate.swift */; };
		EAEF014425832FE00090508E /* Assets.xcassets in Resources */ = {isa = PBXBuildFile; fileRef = EAEF014325832FE00090508E /* Assets.xcassets */; };
		EAEF014725832FE00090508E /* Preview Assets.xcassets in Resources */ = {isa = PBXBuildFile; fileRef = EAEF014625832FE00090508E /* Preview Assets.xcassets */; };
		EAEF014A25832FE00090508E /* LaunchScreen.storyboard in Resources */ = {isa = PBXBuildFile; fileRef = EAEF014825832FE00090508E /* LaunchScreen.storyboard */; };
		EAEF0156258330110090508E /* StoryListView.swift in Sources */ = {isa = PBXBuildFile; fileRef = EAEF0155258330110090508E /* StoryListView.swift */; };
		EAEF015A258330470090508E /* StoryListViewModel.swift in Sources */ = {isa = PBXBuildFile; fileRef = EAEF0159258330470090508E /* StoryListViewModel.swift */; };
		EAEF015D258330650090508E /* WebService.swift in Sources */ = {isa = PBXBuildFile; fileRef = EAEF015C258330650090508E /* WebService.swift */; };
		EAEF0162258333DD0090508E /* Story.swift in Sources */ = {isa = PBXBuildFile; fileRef = EAEF0161258333DD0090508E /* Story.swift */; };
		EAEF01662583380F0090508E /* StoryDetailViewModel.swift in Sources */ = {isa = PBXBuildFile; fileRef = EAEF01652583380E0090508E /* StoryDetailViewModel.swift */; };
		EAEF0169258339D60090508E /* StoryDetailView.swift in Sources */ = {isa = PBXBuildFile; fileRef = EAEF0168258339D60090508E /* StoryDetailView.swift */; };
/* End PBXBuildFile section */

/* Begin PBXFileReference section */
		EAEF013A25832FDF0090508E /* HackerNews2.app */ = {isa = PBXFileReference; explicitFileType = wrapper.application; includeInIndex = 0; path = HackerNews2.app; sourceTree = BUILT_PRODUCTS_DIR; };
		EAEF013D25832FDF0090508E /* AppDelegate.swift */ = {isa = PBXFileReference; lastKnownFileType = sourcecode.swift; path = AppDelegate.swift; sourceTree = "<group>"; };
		EAEF013F25832FDF0090508E /* SceneDelegate.swift */ = {isa = PBXFileReference; lastKnownFileType = sourcecode.swift; path = SceneDelegate.swift; sourceTree = "<group>"; };
		EAEF014325832FE00090508E /* Assets.xcassets */ = {isa = PBXFileReference; lastKnownFileType = folder.assetcatalog; path = Assets.xcassets; sourceTree = "<group>"; };
		EAEF014625832FE00090508E /* Preview Assets.xcassets */ = {isa = PBXFileReference; lastKnownFileType = folder.assetcatalog; path = "Preview Assets.xcassets"; sourceTree = "<group>"; };
		EAEF014925832FE00090508E /* Base */ = {isa = PBXFileReference; lastKnownFileType = file.storyboard; name = Base; path = Base.lproj/LaunchScreen.storyboard; sourceTree = "<group>"; };
		EAEF014B25832FE00090508E /* Info.plist */ = {isa = PBXFileReference; lastKnownFileType = text.plist.xml; path = Info.plist; sourceTree = "<group>"; };
		EAEF0155258330110090508E /* StoryListView.swift */ = {isa = PBXFileReference; lastKnownFileType = sourcecode.swift; path = StoryListView.swift; sourceTree = "<group>"; };
		EAEF0159258330470090508E /* StoryListViewModel.swift */ = {isa = PBXFileReference; lastKnownFileType = sourcecode.swift; path = StoryListViewModel.swift; sourceTree = "<group>"; };
		EAEF015C258330650090508E /* WebService.swift */ = {isa = PBXFileReference; lastKnownFileType = sourcecode.swift; path = WebService.swift; sourceTree = "<group>"; };
		EAEF0161258333DD0090508E /* Story.swift */ = {isa = PBXFileReference; lastKnownFileType = sourcecode.swift; path = Story.swift; sourceTree = "<group>"; };
		EAEF01652583380E0090508E /* StoryDetailViewModel.swift */ = {isa = PBXFileReference; lastKnownFileType = sourcecode.swift; path = StoryDetailViewModel.swift; sourceTree = "<group>"; };
		EAEF0168258339D60090508E /* StoryDetailView.swift */ = {isa = PBXFileReference; lastKnownFileType = sourcecode.swift; path = StoryDetailView.swift; sourceTree = "<group>"; };
/* End PBXFileReference section */

/* Begin PBXFrameworksBuildPhase section */
		EAEF013725832FDF0090508E /* Frameworks */ = {
			isa = PBXFrameworksBuildPhase;
			buildActionMask = 2147483647;
			files = (
			);
			runOnlyForDeploymentPostprocessing = 0;
		};
/* End PBXFrameworksBuildPhase section */

/* Begin PBXGroup section */
		EAEF013125832FDF0090508E = {
			isa = PBXGroup;
			children = (
				EAEF013C25832FDF0090508E /* HackerNews2 */,
				EAEF013B25832FDF0090508E /* Products */,
			);
			sourceTree = "<group>";
		};
		EAEF013B25832FDF0090508E /* Products */ = {
			isa = PBXGroup;
			children = (
				EAEF013A25832FDF0090508E /* HackerNews2.app */,
			);
			name = Products;
			sourceTree = "<group>";
		};
		EAEF013C25832FDF0090508E /* HackerNews2 */ = {
			isa = PBXGroup;
			children = (
				EAEF0160258333C00090508E /* Models */,
				EAEF015425832FFC0090508E /* Services */,
				EAEF015325832FF40090508E /* ViewModel */,
				EAEF015225832FEE0090508E /* View */,
				EAEF013D25832FDF0090508E /* AppDelegate.swift */,
				EAEF013F25832FDF0090508E /* SceneDelegate.swift */,
				EAEF014325832FE00090508E /* Assets.xcassets */,
				EAEF014825832FE00090508E /* LaunchScreen.storyboard */,
				EAEF014B25832FE00090508E /* Info.plist */,
				EAEF014525832FE00090508E /* Preview Content */,
			);
			path = HackerNews2;
			sourceTree = "<group>";
		};
		EAEF014525832FE00090508E /* Preview Content */ = {
			isa = PBXGroup;
			children = (
				EAEF014625832FE00090508E /* Preview Assets.xcassets */,
			);
			path = "Preview Content";
			sourceTree = "<group>";
		};
		EAEF015225832FEE0090508E /* View */ = {
			isa = PBXGroup;
			children = (
				EAEF0155258330110090508E /* StoryListView.swift */,
				EAEF0168258339D60090508E /* StoryDetailView.swift */,
			);
			path = View;
			sourceTree = "<group>";
		};
		EAEF015325832FF40090508E /* ViewModel */ = {
			isa = PBXGroup;
			children = (
				EAEF0159258330470090508E /* StoryListViewModel.swift */,
				EAEF01652583380E0090508E /* StoryDetailViewModel.swift */,
			);
			path = ViewModel;
			sourceTree = "<group>";
		};
		EAEF015425832FFC0090508E /* Services */ = {
			isa = PBXGroup;
			children = (
				EAEF015C258330650090508E /* WebService.swift */,
			);
			path = Services;
			sourceTree = "<group>";
		};
		EAEF0160258333C00090508E /* Models */ = {
			isa = PBXGroup;
			children = (
				EAEF0161258333DD0090508E /* Story.swift */,
			);
			path = Models;
			sourceTree = "<group>";
		};
/* End PBXGroup section */

/* Begin PBXNativeTarget section */
		EAEF013925832FDF0090508E /* HackerNews2 */ = {
			isa = PBXNativeTarget;
			buildConfigurationList = EAEF014E25832FE00090508E /* Build configuration list for PBXNativeTarget "HackerNews2" */;
			buildPhases = (
				EAEF013625832FDF0090508E /* Sources */,
				EAEF013725832FDF0090508E /* Frameworks */,
				EAEF013825832FDF0090508E /* Resources */,
			);
			buildRules = (
			);
			dependencies = (
			);
			name = HackerNews2;
			productName = HackerNews2;
			productReference = EAEF013A25832FDF0090508E /* HackerNews2.app */;
			productType = "com.apple.product-type.application";
		};
/* End PBXNativeTarget section */

/* Begin PBXProject section */
		EAEF013225832FDF0090508E /* Project object */ = {
			isa = PBXProject;
			attributes = {
				LastSwiftUpdateCheck = 1210;
				LastUpgradeCheck = 1210;
				TargetAttributes = {
					EAEF013925832FDF0090508E = {
						CreatedOnToolsVersion = 12.1;
					};
				};
			};
			buildConfigurationList = EAEF013525832FDF0090508E /* Build configuration list for PBXProject "HackerNews2" */;
			compatibilityVersion = "Xcode 9.3";
			developmentRegion = en;
			hasScannedForEncodings = 0;
			knownRegions = (
				en,
				Base,
			);
			mainGroup = EAEF013125832FDF0090508E;
			productRefGroup = EAEF013B25832FDF0090508E /* Products */;
			projectDirPath = "";
			projectRoot = "";
			targets = (
				EAEF013925832FDF0090508E /* HackerNews2 */,
			);
		};
/* End PBXProject section */

/* Begin PBXResourcesBuildPhase section */
		EAEF013825832FDF0090508E /* Resources */ = {
			isa = PBXResourcesBuildPhase;
			buildActionMask = 2147483647;
			files = (
				EAEF014A25832FE00090508E /* LaunchScreen.storyboard in Resources */,
				EAEF014725832FE00090508E /* Preview Assets.xcassets in Resources */,
				EAEF014425832FE00090508E /* Assets.xcassets in Resources */,
			);
			runOnlyForDeploymentPostprocessing = 0;
		};
/* End PBXResourcesBuildPhase section */

/* Begin PBXSourcesBuildPhase section */
		EAEF013625832FDF0090508E /* Sources */ = {
			isa = PBXSourcesBuildPhase;
			buildActionMask = 2147483647;
			files = (
				EAEF015D258330650090508E /* WebService.swift in Sources */,
				EAEF013E25832FDF0090508E /* AppDelegate.swift in Sources */,
				EAEF014025832FDF0090508E /* SceneDelegate.swift in Sources */,
				EAEF01662583380F0090508E /* StoryDetailViewModel.swift in Sources */,
				EAEF015A258330470090508E /* StoryListViewModel.swift in Sources */,
				EAEF0156258330110090508E /* StoryListView.swift in Sources */,
				EAEF0162258333DD0090508E /* Story.swift in Sources */,
				EAEF0169258339D60090508E /* StoryDetailView.swift in Sources */,
			);
			runOnlyForDeploymentPostprocessing = 0;
		};
/* End PBXSourcesBuildPhase section */

/* Begin PBXVariantGroup section */
		EAEF014825832FE00090508E /* LaunchScreen.storyboard */ = {
			isa = PBXVariantGroup;
			children = (
				EAEF014925832FE00090508E /* Base */,
			);
			name = LaunchScreen.storyboard;
			sourceTree = "<group>";
		};
/* End PBXVariantGroup section */

/* Begin XCBuildConfiguration section */
		EAEF014C25832FE00090508E /* Debug */ = {
			isa = XCBuildConfiguration;
			buildSettings = {
				ALWAYS_SEARCH_USER_PATHS = NO;
				CLANG_ANALYZER_NONNULL = YES;
				CLANG_ANALYZER_NUMBER_OBJECT_CONVERSION = YES_AGGRESSIVE;
				CLANG_CXX_LANGUAGE_STANDARD = "gnu++14";
				CLANG_CXX_LIBRARY = "libc++";
				CLANG_ENABLE_MODULES = YES;
				CLANG_ENABLE_OBJC_ARC = YES;
				CLANG_ENABLE_OBJC_WEAK = YES;
				CLANG_WARN_BLOCK_CAPTURE_AUTORELEASING = YES;
				CLANG_WARN_BOOL_CONVERSION = YES;
				CLANG_WARN_COMMA = YES;
				CLANG_WARN_CONSTANT_CONVERSION = YES;
				CLANG_WARN_DEPRECATED_OBJC_IMPLEMENTATIONS = YES;
				CLANG_WARN_DIRECT_OBJC_ISA_USAGE = YES_ERROR;
				CLANG_WARN_DOCUMENTATION_COMMENTS = YES;
				CLANG_WARN_EMPTY_BODY = YES;
				CLANG_WARN_ENUM_CONVERSION = YES;
				CLANG_WARN_INFINITE_RECURSION = YES;
				CLANG_WARN_INT_CONVERSION = YES;
				CLANG_WARN_NON_LITERAL_NULL_CONVERSION = YES;
				CLANG_WARN_OBJC_IMPLICIT_RETAIN_SELF = YES;
				CLANG_WARN_OBJC_LITERAL_CONVERSION = YES;
				CLANG_WARN_OBJC_ROOT_CLASS = YES_ERROR;
				CLANG_WARN_QUOTED_INCLUDE_IN_FRAMEWORK_HEADER = YES;
				CLANG_WARN_RANGE_LOOP_ANALYSIS = YES;
				CLANG_WARN_STRICT_PROTOTYPES = YES;
				CLANG_WARN_SUSPICIOUS_MOVE = YES;
				CLANG_WARN_UNGUARDED_AVAILABILITY = YES_AGGRESSIVE;
				CLANG_WARN_UNREACHABLE_CODE = YES;
				CLANG_WARN__DUPLICATE_METHOD_MATCH = YES;
				COPY_PHASE_STRIP = NO;
				DEBUG_INFORMATION_FORMAT = dwarf;
				ENABLE_STRICT_OBJC_MSGSEND = YES;
				ENABLE_TESTABILITY = YES;
				GCC_C_LANGUAGE_STANDARD = gnu11;
				GCC_DYNAMIC_NO_PIC = NO;
				GCC_NO_COMMON_BLOCKS = YES;
				GCC_OPTIMIZATION_LEVEL = 0;
				GCC_PREPROCESSOR_DEFINITIONS = (
					"DEBUG=1",
					"$(inherited)",
				);
				GCC_WARN_64_TO_32_BIT_CONVERSION = YES;
				GCC_WARN_ABOUT_RETURN_TYPE = YES_ERROR;
				GCC_WARN_UNDECLARED_SELECTOR = YES;
				GCC_WARN_UNINITIALIZED_AUTOS = YES_AGGRESSIVE;
				GCC_WARN_UNUSED_FUNCTION = YES;
				GCC_WARN_UNUSED_VARIABLE = YES;
				IPHONEOS_DEPLOYMENT_TARGET = 14.1;
				MTL_ENABLE_DEBUG_INFO = INCLUDE_SOURCE;
				MTL_FAST_MATH = YES;
				ONLY_ACTIVE_ARCH = YES;
				SDKROOT = iphoneos;
				SWIFT_ACTIVE_COMPILATION_CONDITIONS = DEBUG;
				SWIFT_OPTIMIZATION_LEVEL = "-Onone";
			};
			name = Debug;
		};
		EAEF014D25832FE00090508E /* Release */ = {
			isa = XCBuildConfiguration;
			buildSettings = {
				ALWAYS_SEARCH_USER_PATHS = NO;
				CLANG_ANALYZER_NONNULL = YES;
				CLANG_ANALYZER_NUMBER_OBJECT_CONVERSION = YES_AGGRESSIVE;
				CLANG_CXX_LANGUAGE_STANDARD = "gnu++14";
				CLANG_CXX_LIBRARY = "libc++";
				CLANG_ENABLE_MODULES = YES;
				CLANG_ENABLE_OBJC_ARC = YES;
				CLANG_ENABLE_OBJC_WEAK = YES;
				CLANG_WARN_BLOCK_CAPTURE_AUTORELEASING = YES;
				CLANG_WARN_BOOL_CONVERSION = YES;
				CLANG_WARN_COMMA = YES;
				CLANG_WARN_CONSTANT_CONVERSION = YES;
				CLANG_WARN_DEPRECATED_OBJC_IMPLEMENTATIONS = YES;
				CLANG_WARN_DIRECT_OBJC_ISA_USAGE = YES_ERROR;
				CLANG_WARN_DOCUMENTATION_COMMENTS = YES;
				CLANG_WARN_EMPTY_BODY = YES;
				CLANG_WARN_ENUM_CONVERSION = YES;
				CLANG_WARN_INFINITE_RECURSION = YES;
				CLANG_WARN_INT_CONVERSION = YES;
				CLANG_WARN_NON_LITERAL_NULL_CONVERSION = YES;
				CLANG_WARN_OBJC_IMPLICIT_RETAIN_SELF = YES;
				CLANG_WARN_OBJC_LITERAL_CONVERSION = YES;
				CLANG_WARN_OBJC_ROOT_CLASS = YES_ERROR;
				CLANG_WARN_QUOTED_INCLUDE_IN_FRAMEWORK_HEADER = YES;
				CLANG_WARN_RANGE_LOOP_ANALYSIS = YES;
				CLANG_WARN_STRICT_PROTOTYPES = YES;
				CLANG_WARN_SUSPICIOUS_MOVE = YES;
				CLANG_WARN_UNGUARDED_AVAILABILITY = YES_AGGRESSIVE;
				CLANG_WARN_UNREACHABLE_CODE = YES;
				CLANG_WARN__DUPLICATE_METHOD_MATCH = YES;
				COPY_PHASE_STRIP = NO;
				DEBUG_INFORMATION_FORMAT = "dwarf-with-dsym";
				ENABLE_NS_ASSERTIONS = NO;
				ENABLE_STRICT_OBJC_MSGSEND = YES;
				GCC_C_LANGUAGE_STANDARD = gnu11;
				GCC_NO_COMMON_BLOCKS = YES;
				GCC_WARN_64_TO_32_BIT_CONVERSION = YES;
				GCC_WARN_ABOUT_RETURN_TYPE = YES_ERROR;
				GCC_WARN_UNDECLARED_SELECTOR = YES;
				GCC_WARN_UNINITIALIZED_AUTOS = YES_AGGRESSIVE;
				GCC_WARN_UNUSED_FUNCTION = YES;
				GCC_WARN_UNUSED_VARIABLE = YES;
				IPHONEOS_DEPLOYMENT_TARGET = 14.1;
				MTL_ENABLE_DEBUG_INFO = NO;
				MTL_FAST_MATH = YES;
				SDKROOT = iphoneos;
				SWIFT_COMPILATION_MODE = wholemodule;
				SWIFT_OPTIMIZATION_LEVEL = "-O";
				VALIDATE_PRODUCT = YES;
			};
			name = Release;
		};
		EAEF014F25832FE00090508E /* Debug */ = {
			isa = XCBuildConfiguration;
			buildSettings = {
				ASSETCATALOG_COMPILER_APPICON_NAME = AppIcon;
				ASSETCATALOG_COMPILER_GLOBAL_ACCENT_COLOR_NAME = AccentColor;
				CODE_SIGN_STYLE = Automatic;
				DEVELOPMENT_ASSET_PATHS = "\"HackerNews2/Preview Content\"";
				DEVELOPMENT_TEAM = 5EEQXBZ866;
				ENABLE_PREVIEWS = YES;
				INFOPLIST_FILE = HackerNews2/Info.plist;
				LD_RUNPATH_SEARCH_PATHS = (
					"$(inherited)",
					"@executable_path/Frameworks",
				);
				PRODUCT_BUNDLE_IDENTIFIER = com.mayu.ue.HackerNews2;
				PRODUCT_NAME = "$(TARGET_NAME)";
				SWIFT_VERSION = 5.0;
				TARGETED_DEVICE_FAMILY = "1,2";
			};
			name = Debug;
		};
		EAEF015025832FE00090508E /* Release */ = {
			isa = XCBuildConfiguration;
			buildSettings = {
				ASSETCATALOG_COMPILER_APPICON_NAME = AppIcon;
				ASSETCATALOG_COMPILER_GLOBAL_ACCENT_COLOR_NAME = AccentColor;
				CODE_SIGN_STYLE = Automatic;
				DEVELOPMENT_ASSET_PATHS = "\"HackerNews2/Preview Content\"";
				DEVELOPMENT_TEAM = 5EEQXBZ866;
				ENABLE_PREVIEWS = YES;
				INFOPLIST_FILE = HackerNews2/Info.plist;
				LD_RUNPATH_SEARCH_PATHS = (
					"$(inherited)",
					"@executable_path/Frameworks",
				);
				PRODUCT_BUNDLE_IDENTIFIER = com.mayu.ue.HackerNews2;
				PRODUCT_NAME = "$(TARGET_NAME)";
				SWIFT_VERSION = 5.0;
				TARGETED_DEVICE_FAMILY = "1,2";
			};
			name = Release;
		};
/* End XCBuildConfiguration section */

/* Begin XCConfigurationList section */
		EAEF013525832FDF0090508E /* Build configuration list for PBXProject "HackerNews2" */ = {
			isa = XCConfigurationList;
			buildConfigurations = (
				EAEF014C25832FE00090508E /* Debug */,
				EAEF014D25832FE00090508E /* Release */,
			);
			defaultConfigurationIsVisible = 0;
			defaultConfigurationName = Release;
		};
		EAEF014E25832FE00090508E /* Build configuration list for PBXNativeTarget "HackerNews2" */ = {
			isa = XCConfigurationList;
			buildConfigurations = (
				EAEF014F25832FE00090508E /* Debug */,
				EAEF015025832FE00090508E /* Release */,
			);
			defaultConfigurationIsVisible = 0;
			defaultConfigurationName = Release;
		};
/* End XCConfigurationList section */
	};
	rootObject = EAEF013225832FDF0090508E /* Project object */;
}
