// !$*UTF8*$!
{
	archiveVersion = 1;
	classes = {
	};
	objectVersion = 50;
	objects = {

/* Begin PBXBuildFile section */
		EAD7056F2563CA3200FFCE08 /* AppDelegate.swift in Sources */ = {isa = PBXBuildFile; fileRef = EAD7056E2563CA3200FFCE08 /* AppDelegate.swift */; };
		EAD705712563CA3200FFCE08 /* SceneDelegate.swift in Sources */ = {isa = PBXBuildFile; fileRef = EAD705702563CA3200FFCE08 /* SceneDelegate.swift */; };
		EAD705732563CA3200FFCE08 /* ViewController.swift in Sources */ = {isa = PBXBuildFile; fileRef = EAD705722563CA3200FFCE08 /* ViewController.swift */; };
		EAD705762563CA3200FFCE08 /* Main.storyboard in Resources */ = {isa = PBXBuildFile; fileRef = EAD705742563CA3200FFCE08 /* Main.storyboard */; };
		EAD705782563CA3300FFCE08 /* Assets.xcassets in Resources */ = {isa = PBXBuildFile; fileRef = EAD705772563CA3300FFCE08 /* Assets.xcassets */; };
		EAD7057B2563CA3300FFCE08 /* LaunchScreen.storyboard in Resources */ = {isa = PBXBuildFile; fileRef = EAD705792563CA3300FFCE08 /* LaunchScreen.storyboard */; };
/* End PBXBuildFile section */

/* Begin PBXFileReference section */
		EAD7056B2563CA3200FFCE08 /* HelloPublishers.app */ = {isa = PBXFileReference; explicitFileType = wrapper.application; includeInIndex = 0; path = HelloPublishers.app; sourceTree = BUILT_PRODUCTS_DIR; };
		EAD7056E2563CA3200FFCE08 /* AppDelegate.swift */ = {isa = PBXFileReference; lastKnownFileType = sourcecode.swift; path = AppDelegate.swift; sourceTree = "<group>"; };
		EAD705702563CA3200FFCE08 /* SceneDelegate.swift */ = {isa = PBXFileReference; lastKnownFileType = sourcecode.swift; path = SceneDelegate.swift; sourceTree = "<group>"; };
		EAD705722563CA3200FFCE08 /* ViewController.swift */ = {isa = PBXFileReference; lastKnownFileType = sourcecode.swift; path = ViewController.swift; sourceTree = "<group>"; };
		EAD705752563CA3200FFCE08 /* Base */ = {isa = PBXFileReference; lastKnownFileType = file.storyboard; name = Base; path = Base.lproj/Main.storyboard; sourceTree = "<group>"; };
		EAD705772563CA3300FFCE08 /* Assets.xcassets */ = {isa = PBXFileReference; lastKnownFileType = folder.assetcatalog; path = Assets.xcassets; sourceTree = "<group>"; };
		EAD7057A2563CA3300FFCE08 /* Base */ = {isa = PBXFileReference; lastKnownFileType = file.storyboard; name = Base; path = Base.lproj/LaunchScreen.storyboard; sourceTree = "<group>"; };
		EAD7057C2563CA3300FFCE08 /* Info.plist */ = {isa = PBXFileReference; lastKnownFileType = text.plist.xml; path = Info.plist; sourceTree = "<group>"; };
/* End PBXFileReference section */

/* Begin PBXFrameworksBuildPhase section */
		EAD705682563CA3100FFCE08 /* Frameworks */ = {
			isa = PBXFrameworksBuildPhase;
			buildActionMask = 2147483647;
			files = (
			);
			runOnlyForDeploymentPostprocessing = 0;
		};
/* End PBXFrameworksBuildPhase section */

/* Begin PBXGroup section */
		EAD705622563CA3100FFCE08 = {
			isa = PBXGroup;
			children = (
				EAD7056D2563CA3200FFCE08 /* HelloPublishers */,
				EAD7056C2563CA3200FFCE08 /* Products */,
			);
			sourceTree = "<group>";
		};
		EAD7056C2563CA3200FFCE08 /* Products */ = {
			isa = PBXGroup;
			children = (
				EAD7056B2563CA3200FFCE08 /* HelloPublishers.app */,
			);
			name = Products;
			sourceTree = "<group>";
		};
		EAD7056D2563CA3200FFCE08 /* HelloPublishers */ = {
			isa = PBXGroup;
			children = (
				EAD7056E2563CA3200FFCE08 /* AppDelegate.swift */,
				EAD705702563CA3200FFCE08 /* SceneDelegate.swift */,
				EAD705722563CA3200FFCE08 /* ViewController.swift */,
				EAD705742563CA3200FFCE08 /* Main.storyboard */,
				EAD705772563CA3300FFCE08 /* Assets.xcassets */,
				EAD705792563CA3300FFCE08 /* LaunchScreen.storyboard */,
				EAD7057C2563CA3300FFCE08 /* Info.plist */,
			);
			path = HelloPublishers;
			sourceTree = "<group>";
		};
/* End PBXGroup section */

/* Begin PBXNativeTarget section */
		EAD7056A2563CA3100FFCE08 /* HelloPublishers */ = {
			isa = PBXNativeTarget;
			buildConfigurationList = EAD7057F2563CA3300FFCE08 /* Build configuration list for PBXNativeTarget "HelloPublishers" */;
			buildPhases = (
				EAD705672563CA3100FFCE08 /* Sources */,
				EAD705682563CA3100FFCE08 /* Frameworks */,
				EAD705692563CA3100FFCE08 /* Resources */,
			);
			buildRules = (
			);
			dependencies = (
			);
			name = HelloPublishers;
			productName = HelloPublishers;
			productReference = EAD7056B2563CA3200FFCE08 /* HelloPublishers.app */;
			productType = "com.apple.product-type.application";
		};
/* End PBXNativeTarget section */

/* Begin PBXProject section */
		EAD705632563CA3100FFCE08 /* Project object */ = {
			isa = PBXProject;
			attributes = {
				LastSwiftUpdateCheck = 1210;
				LastUpgradeCheck = 1210;
				TargetAttributes = {
					EAD7056A2563CA3100FFCE08 = {
						CreatedOnToolsVersion = 12.1;
					};
				};
			};
			buildConfigurationList = EAD705662563CA3100FFCE08 /* Build configuration list for PBXProject "HelloPublishers" */;
			compatibilityVersion = "Xcode 9.3";
			developmentRegion = en;
			hasScannedForEncodings = 0;
			knownRegions = (
				en,
				Base,
			);
			mainGroup = EAD705622563CA3100FFCE08;
			productRefGroup = EAD7056C2563CA3200FFCE08 /* Products */;
			projectDirPath = "";
			projectRoot = "";
			targets = (
				EAD7056A2563CA3100FFCE08 /* HelloPublishers */,
			);
		};
/* End PBXProject section */

/* Begin PBXResourcesBuildPhase section */
		EAD705692563CA3100FFCE08 /* Resources */ = {
			isa = PBXResourcesBuildPhase;
			buildActionMask = 2147483647;
			files = (
				EAD7057B2563CA3300FFCE08 /* LaunchScreen.storyboard in Resources */,
				EAD705782563CA3300FFCE08 /* Assets.xcassets in Resources */,
				EAD705762563CA3200FFCE08 /* Main.storyboard in Resources */,
			);
			runOnlyForDeploymentPostprocessing = 0;
		};
/* End PBXResourcesBuildPhase section */

/* Begin PBXSourcesBuildPhase section */
		EAD705672563CA3100FFCE08 /* Sources */ = {
			isa = PBXSourcesBuildPhase;
			buildActionMask = 2147483647;
			files = (
				EAD705732563CA3200FFCE08 /* ViewController.swift in Sources */,
				EAD7056F2563CA3200FFCE08 /* AppDelegate.swift in Sources */,
				EAD705712563CA3200FFCE08 /* SceneDelegate.swift in Sources */,
			);
			runOnlyForDeploymentPostprocessing = 0;
		};
/* End PBXSourcesBuildPhase section */

/* Begin PBXVariantGroup section */
		EAD705742563CA3200FFCE08 /* Main.storyboard */ = {
			isa = PBXVariantGroup;
			children = (
				EAD705752563CA3200FFCE08 /* Base */,
			);
			name = Main.storyboard;
			sourceTree = "<group>";
		};
		EAD705792563CA3300FFCE08 /* LaunchScreen.storyboard */ = {
			isa = PBXVariantGroup;
			children = (
				EAD7057A2563CA3300FFCE08 /* Base */,
			);
			name = LaunchScreen.storyboard;
			sourceTree = "<group>";
		};
/* End PBXVariantGroup section */

/* Begin XCBuildConfiguration section */
		EAD7057D2563CA3300FFCE08 /* Debug */ = {
			isa = XCBuildConfiguration;
			buildSettings = {
				ALWAYS_SEARCH_USER_PATHS = NO;
				CLANG_ANALYZER_NONNULL = YES;
				CLANG_ANALYZER_NUMBER_OBJECT_CONVERSION = YES_AGGRESSIVE;
				CLANG_CXX_LANGUAGE_STANDARD = "gnu++14";
				CLANG_CXX_LIBRARY = "libc++";
				CLANG_ENABLE_MODULES = YES;
				CLANG_ENABLE_OBJC_ARC = YES;
				CLANG_ENABLE_OBJC_WEAK = YES;
				CLANG_WARN_BLOCK_CAPTURE_AUTORELEASING = YES;
				CLANG_WARN_BOOL_CONVERSION = YES;
				CLANG_WARN_COMMA = YES;
				CLANG_WARN_CONSTANT_CONVERSION = YES;
				CLANG_WARN_DEPRECATED_OBJC_IMPLEMENTATIONS = YES;
				CLANG_WARN_DIRECT_OBJC_ISA_USAGE = YES_ERROR;
				CLANG_WARN_DOCUMENTATION_COMMENTS = YES;
				CLANG_WARN_EMPTY_BODY = YES;
				CLANG_WARN_ENUM_CONVERSION = YES;
				CLANG_WARN_INFINITE_RECURSION = YES;
				CLANG_WARN_INT_CONVERSION = YES;
				CLANG_WARN_NON_LITERAL_NULL_CONVERSION = YES;
				CLANG_WARN_OBJC_IMPLICIT_RETAIN_SELF = YES;
				CLANG_WARN_OBJC_LITERAL_CONVERSION = YES;
				CLANG_WARN_OBJC_ROOT_CLASS = YES_ERROR;
				CLANG_WARN_QUOTED_INCLUDE_IN_FRAMEWORK_HEADER = YES;
				CLANG_WARN_RANGE_LOOP_ANALYSIS = YES;
				CLANG_WARN_STRICT_PROTOTYPES = YES;
				CLANG_WARN_SUSPICIOUS_MOVE = YES;
				CLANG_WARN_UNGUARDED_AVAILABILITY = YES_AGGRESSIVE;
				CLANG_WARN_UNREACHABLE_CODE = YES;
				CLANG_WARN__DUPLICATE_METHOD_MATCH = YES;
				COPY_PHASE_STRIP = NO;
				DEBUG_INFORMATION_FORMAT = dwarf;
				ENABLE_STRICT_OBJC_MSGSEND = YES;
				ENABLE_TESTABILITY = YES;
				GCC_C_LANGUAGE_STANDARD = gnu11;
				GCC_DYNAMIC_NO_PIC = NO;
				GCC_NO_COMMON_BLOCKS = YES;
				GCC_OPTIMIZATION_LEVEL = 0;
				GCC_PREPROCESSOR_DEFINITIONS = (
					"DEBUG=1",
					"$(inherited)",
				);
				GCC_WARN_64_TO_32_BIT_CONVERSION = YES;
				GCC_WARN_ABOUT_RETURN_TYPE = YES_ERROR;
				GCC_WARN_UNDECLARED_SELECTOR = YES;
				GCC_WARN_UNINITIALIZED_AUTOS = YES_AGGRESSIVE;
				GCC_WARN_UNUSED_FUNCTION = YES;
				GCC_WARN_UNUSED_VARIABLE = YES;
				IPHONEOS_DEPLOYMENT_TARGET = 14.1;
				MTL_ENABLE_DEBUG_INFO = INCLUDE_SOURCE;
				MTL_FAST_MATH = YES;
				ONLY_ACTIVE_ARCH = YES;
				SDKROOT = iphoneos;
				SWIFT_ACTIVE_COMPILATION_CONDITIONS = DEBUG;
				SWIFT_OPTIMIZATION_LEVEL = "-Onone";
			};
			name = Debug;
		};
		EAD7057E2563CA3300FFCE08 /* Release */ = {
			isa = XCBuildConfiguration;
			buildSettings = {
				ALWAYS_SEARCH_USER_PATHS = NO;
				CLANG_ANALYZER_NONNULL = YES;
				CLANG_ANALYZER_NUMBER_OBJECT_CONVERSION = YES_AGGRESSIVE;
				CLANG_CXX_LANGUAGE_STANDARD = "gnu++14";
				CLANG_CXX_LIBRARY = "libc++";
				CLANG_ENABLE_MODULES = YES;
				CLANG_ENABLE_OBJC_ARC = YES;
				CLANG_ENABLE_OBJC_WEAK = YES;
				CLANG_WARN_BLOCK_CAPTURE_AUTORELEASING = YES;
				CLANG_WARN_BOOL_CONVERSION = YES;
				CLANG_WARN_COMMA = YES;
				CLANG_WARN_CONSTANT_CONVERSION = YES;
				CLANG_WARN_DEPRECATED_OBJC_IMPLEMENTATIONS = YES;
				CLANG_WARN_DIRECT_OBJC_ISA_USAGE = YES_ERROR;
				CLANG_WARN_DOCUMENTATION_COMMENTS = YES;
				CLANG_WARN_EMPTY_BODY = YES;
				CLANG_WARN_ENUM_CONVERSION = YES;
				CLANG_WARN_INFINITE_RECURSION = YES;
				CLANG_WARN_INT_CONVERSION = YES;
				CLANG_WARN_NON_LITERAL_NULL_CONVERSION = YES;
				CLANG_WARN_OBJC_IMPLICIT_RETAIN_SELF = YES;
				CLANG_WARN_OBJC_LITERAL_CONVERSION = YES;
				CLANG_WARN_OBJC_ROOT_CLASS = YES_ERROR;
				CLANG_WARN_QUOTED_INCLUDE_IN_FRAMEWORK_HEADER = YES;
				CLANG_WARN_RANGE_LOOP_ANALYSIS = YES;
				CLANG_WARN_STRICT_PROTOTYPES = YES;
				CLANG_WARN_SUSPICIOUS_MOVE = YES;
				CLANG_WARN_UNGUARDED_AVAILABILITY = YES_AGGRESSIVE;
				CLANG_WARN_UNREACHABLE_CODE = YES;
				CLANG_WARN__DUPLICATE_METHOD_MATCH = YES;
				COPY_PHASE_STRIP = NO;
				DEBUG_INFORMATION_FORMAT = "dwarf-with-dsym";
				ENABLE_NS_ASSERTIONS = NO;
				ENABLE_STRICT_OBJC_MSGSEND = YES;
				GCC_C_LANGUAGE_STANDARD = gnu11;
				GCC_NO_COMMON_BLOCKS = YES;
				GCC_WARN_64_TO_32_BIT_CONVERSION = YES;
				GCC_WARN_ABOUT_RETURN_TYPE = YES_ERROR;
				GCC_WARN_UNDECLARED_SELECTOR = YES;
				GCC_WARN_UNINITIALIZED_AUTOS = YES_AGGRESSIVE;
				GCC_WARN_UNUSED_FUNCTION = YES;
				GCC_WARN_UNUSED_VARIABLE = YES;
				IPHONEOS_DEPLOYMENT_TARGET = 14.1;
				MTL_ENABLE_DEBUG_INFO = NO;
				MTL_FAST_MATH = YES;
				SDKROOT = iphoneos;
				SWIFT_COMPILATION_MODE = wholemodule;
				SWIFT_OPTIMIZATION_LEVEL = "-O";
				VALIDATE_PRODUCT = YES;
			};
			name = Release;
		};
		EAD705802563CA3300FFCE08 /* Debug */ = {
			isa = XCBuildConfiguration;
			buildSettings = {
				ASSETCATALOG_COMPILER_APPICON_NAME = AppIcon;
				ASSETCATALOG_COMPILER_GLOBAL_ACCENT_COLOR_NAME = AccentColor;
				CODE_SIGN_STYLE = Automatic;
				DEVELOPMENT_TEAM = 5EEQXBZ866;
				INFOPLIST_FILE = HelloPublishers/Info.plist;
				LD_RUNPATH_SEARCH_PATHS = (
					"$(inherited)",
					"@executable_path/Frameworks",
				);
				PRODUCT_BUNDLE_IDENTIFIER = com.mayu.ue.HelloPublishers;
				PRODUCT_NAME = "$(TARGET_NAME)";
				SWIFT_VERSION = 5.0;
				TARGETED_DEVICE_FAMILY = "1,2";
			};
			name = Debug;
		};
		EAD705812563CA3300FFCE08 /* Release */ = {
			isa = XCBuildConfiguration;
			buildSettings = {
				ASSETCATALOG_COMPILER_APPICON_NAME = AppIcon;
				ASSETCATALOG_COMPILER_GLOBAL_ACCENT_COLOR_NAME = AccentColor;
				CODE_SIGN_STYLE = Automatic;
				DEVELOPMENT_TEAM = 5EEQXBZ866;
				INFOPLIST_FILE = HelloPublishers/Info.plist;
				LD_RUNPATH_SEARCH_PATHS = (
					"$(inherited)",
					"@executable_path/Frameworks",
				);
				PRODUCT_BUNDLE_IDENTIFIER = com.mayu.ue.HelloPublishers;
				PRODUCT_NAME = "$(TARGET_NAME)";
				SWIFT_VERSION = 5.0;
				TARGETED_DEVICE_FAMILY = "1,2";
			};
			name = Release;
		};
/* End XCBuildConfiguration section */

/* Begin XCConfigurationList section */
		EAD705662563CA3100FFCE08 /* Build configuration list for PBXProject "HelloPublishers" */ = {
			isa = XCConfigurationList;
			buildConfigurations = (
				EAD7057D2563CA3300FFCE08 /* Debug */,
				EAD7057E2563CA3300FFCE08 /* Release */,
			);
			defaultConfigurationIsVisible = 0;
			defaultConfigurationName = Release;
		};
		EAD7057F2563CA3300FFCE08 /* Build configuration list for PBXNativeTarget "HelloPublishers" */ = {
			isa = XCConfigurationList;
			buildConfigurations = (
				EAD705802563CA3300FFCE08 /* Debug */,
				EAD705812563CA3300FFCE08 /* Release */,
			);
			defaultConfigurationIsVisible = 0;
			defaultConfigurationName = Release;
		};
/* End XCConfigurationList section */
	};
	rootObject = EAD705632563CA3100FFCE08 /* Project object */;
}
